
Microsoft Visual Studio Solution File, Format Version 12.00
# Visual Studio 2013
VisualStudioVersion = 12.0.40629.0
MinimumVisualStudioVersion = 10.0.40219.1
Project("{FAE04EC0-301F-11D3-BF4B-00C04F79EFBC}") = "WorkLogsWin.UI", "WorkLogsWin.UI\WorkLogsWin.UI.csproj", "{48F2E1B5-8BE9-4882-8254-AD4153B3FC2A}"
EndProject
Project("{FAE04EC0-301F-11D3-BF4B-00C04F79EFBC}") = "WorkLogsWin.Dal", "WorkLogsWin.Dal\WorkLogsWin.Dal.csproj", "{F1865D51-2EA5-47A9-9FA4-D62CA18FEA68}"
EndProject
Project("{FAE04EC0-301F-11D3-BF4B-00C04F79EFBC}") = "WorkLogsWin.Bll", "WorkLogsWin.Bll\WorkLogsWin.Bll.csproj", "{F2DE79C3-54C6-4D73-A8C2-975E30D215AD}"
EndProject
Project("{FAE04EC0-301F-11D3-BF4B-00C04F79EFBC}") = "WorkLogsWin.Common", "WorkLogsWin.Common\WorkLogsWin.Common.csproj", "{C19BE572-7C43-4D2A-AB3F-7C9606BF6670}"
EndProject
Project("{FAE04EC0-301F-11D3-BF4B-00C04F79EFBC}") = "WorkLogsWin.Model", "WorkLogsWin.Model\WorkLogsWin.Model.csproj", "{7370BD4E-8BB0-4CDE-8649-2B1DDFD4D2E7}"
EndProject
Global
	GlobalSection(SolutionConfigurationPlatforms) = preSolution
		Debug|Any CPU = Debug|Any CPU
		Release|Any CPU = Release|Any CPU
	EndGlobalSection
	GlobalSection(ProjectConfigurationPlatforms) = postSolution
		{48F2E1B5-8BE9-4882-8254-AD4153B3FC2A}.Debug|Any CPU.ActiveCfg = Debug|Any CPU
		{48F2E1B5-8BE9-4882-8254-AD4153B3FC2A}.Debug|Any CPU.Build.0 = Debug|Any CPU
		{48F2E1B5-8BE9-4882-8254-AD4153B3FC2A}.Release|Any CPU.ActiveCfg = Release|Any CPU
		{48F2E1B5-8BE9-4882-8254-AD4153B3FC2A}.Release|Any CPU.Build.0 = Release|Any CPU
		{F1865D51-2EA5-47A9-9FA4-D62CA18FEA68}.Debug|Any CPU.ActiveCfg = Debug|Any CPU
		{F1865D51-2EA5-47A9-9FA4-D62CA18FEA68}.Debug|Any CPU.Build.0 = Debug|Any CPU
		{F1865D51-2EA5-47A9-9FA4-D62CA18FEA68}.Release|Any CPU.ActiveCfg = Release|Any CPU
		{F1865D51-2EA5-47A9-9FA4-D62CA18FEA68}.Release|Any CPU.Build.0 = Release|Any CPU
		{F2DE79C3-54C6-4D73-A8C2-975E30D215AD}.Debug|Any CPU.ActiveCfg = Debug|Any CPU
		{F2DE79C3-54C6-4D73-A8C2-975E30D215AD}.Debug|Any CPU.Build.0 = Debug|Any CPU
		{F2DE79C3-54C6-4D73-A8C2-975E30D215AD}.Release|Any CPU.ActiveCfg = Release|Any CPU
		{F2DE79C3-54C6-4D73-A8C2-975E30D215AD}.Release|Any CPU.Build.0 = Release|Any CPU
		{C19BE572-7C43-4D2A-AB3F-7C9606BF6670}.Debug|Any CPU.ActiveCfg = Debug|Any CPU
		{C19BE572-7C43-4D2A-AB3F-7C9606BF6670}.Debug|Any CPU.Build.0 = Debug|Any CPU
		{C19BE572-7C43-4D2A-AB3F-7C9606BF6670}.Release|Any CPU.ActiveCfg = Release|Any CPU
		{C19BE572-7C43-4D2A-AB3F-7C9606BF6670}.Release|Any CPU.Build.0 = Release|Any CPU
		{7370BD4E-8BB0-4CDE-8649-2B1DDFD4D2E7}.Debug|Any CPU.ActiveCfg = Debug|Any CPU
		{7370BD4E-8BB0-4CDE-8649-2B1DDFD4D2E7}.Debug|Any CPU.Build.0 = Debug|Any CPU
		{7370BD4E-8BB0-4CDE-8649-2B1DDFD4D2E7}.Release|Any CPU.ActiveCfg = Release|Any CPU
		{7370BD4E-8BB0-4CDE-8649-2B1DDFD4D2E7}.Release|Any CPU.Build.0 = Release|Any CPU
	EndGlobalSection
	GlobalSection(SolutionProperties) = preSolution
		HideSolutionNode = FALSE
	EndGlobalSection
EndGlobal
